
Microsoft Visual Studio Solution File, Format Version 12.00
# Visual Studio 15
VisualStudioVersion = 15.0.27110.0
MinimumVisualStudioVersion = 10.0.40219.1
Project("{FAE04EC0-301F-11D3-BF4B-00C04F79EFBC}") = "SimpleApp.Android", "SimpleApp\SimpleApp.Android\SimpleApp.Android.csproj", "{BC9BD274-18EF-495E-8AAF-AB4C37A43926}"
EndProject
Project("{FAE04EC0-301F-11D3-BF4B-00C04F79EFBC}") = "SimpleApp.iOS", "SimpleApp\SimpleApp.iOS\SimpleApp.iOS.csproj", "{291DDA20-E98F-46C4-A820-6CE3CCF2F3A7}"
EndProject
Project("{FAE04EC0-301F-11D3-BF4B-00C04F79EFBC}") = "SimpleApp.UWP", "SimpleApp\SimpleApp.UWP\SimpleApp.UWP.csproj", "{A28CF24C-3BAA-4EE3-AA58-6C44D3C41A41}"
EndProject
Project("{D954291E-2A0B-460D-934E-DC6B0785DB48}") = "SimpleApp", "SimpleApp\SimpleApp\SimpleApp.shproj", "{39D97029-11B2-499F-8CAD-45D6C9F2EA49}"
EndProject
Global
	GlobalSection(SharedMSBuildProjectFiles) = preSolution
		SimpleApp\SimpleApp\SimpleApp.projitems*{291dda20-e98f-46c4-a820-6ce3ccf2f3a7}*SharedItemsImports = 4
		SimpleApp\SimpleApp\SimpleApp.projitems*{39d97029-11b2-499f-8cad-45d6c9f2ea49}*SharedItemsImports = 13
		SimpleApp\SimpleApp\SimpleApp.projitems*{a28cf24c-3baa-4ee3-aa58-6c44d3c41a41}*SharedItemsImports = 4
		SimpleApp\SimpleApp\SimpleApp.projitems*{bc9bd274-18ef-495e-8aaf-ab4c37a43926}*SharedItemsImports = 4
	EndGlobalSection
	GlobalSection(SolutionConfigurationPlatforms) = preSolution
		Ad-Hoc|Any CPU = Ad-Hoc|Any CPU
		Ad-Hoc|ARM = Ad-Hoc|ARM
		Ad-Hoc|iPhone = Ad-Hoc|iPhone
		Ad-Hoc|iPhoneSimulator = Ad-Hoc|iPhoneSimulator
		Ad-Hoc|x64 = Ad-Hoc|x64
		Ad-Hoc|x86 = Ad-Hoc|x86
		AppStore|Any CPU = AppStore|Any CPU
		AppStore|ARM = AppStore|ARM
		AppStore|iPhone = AppStore|iPhone
		AppStore|iPhoneSimulator = AppStore|iPhoneSimulator
		AppStore|x64 = AppStore|x64
		AppStore|x86 = AppStore|x86
		Debug|Any CPU = Debug|Any CPU
		Debug|ARM = Debug|ARM
		Debug|iPhone = Debug|iPhone
		Debug|iPhoneSimulator = Debug|iPhoneSimulator
		Debug|x64 = Debug|x64
		Debug|x86 = Debug|x86
		Release|Any CPU = Release|Any CPU
		Release|ARM = Release|ARM
		Release|iPhone = Release|iPhone
		Release|iPhoneSimulator = Release|iPhoneSimulator
		Release|x64 = Release|x64
		Release|x86 = Release|x86
	EndGlobalSection
	GlobalSection(ProjectConfigurationPlatforms) = postSolution
		{BC9BD274-18EF-495E-8AAF-AB4C37A43926}.Ad-Hoc|Any CPU.ActiveCfg = Release|Any CPU
		{BC9BD274-18EF-495E-8AAF-AB4C37A43926}.Ad-Hoc|Any CPU.Build.0 = Release|Any CPU
		{BC9BD274-18EF-495E-8AAF-AB4C37A43926}.Ad-Hoc|Any CPU.Deploy.0 = Release|Any CPU
		{BC9BD274-18EF-495E-8AAF-AB4C37A43926}.Ad-Hoc|ARM.ActiveCfg = Release|Any CPU
		{BC9BD274-18EF-495E-8AAF-AB4C37A43926}.Ad-Hoc|ARM.Build.0 = Release|Any CPU
		{BC9BD274-18EF-495E-8AAF-AB4C37A43926}.Ad-Hoc|ARM.Deploy.0 = Release|Any CPU
		{BC9BD274-18EF-495E-8AAF-AB4C37A43926}.Ad-Hoc|iPhone.ActiveCfg = Release|Any CPU
		{BC9BD274-18EF-495E-8AAF-AB4C37A43926}.Ad-Hoc|iPhone.Build.0 = Release|Any CPU
		{BC9BD274-18EF-495E-8AAF-AB4C37A43926}.Ad-Hoc|iPhone.Deploy.0 = Release|Any CPU
		{BC9BD274-18EF-495E-8AAF-AB4C37A43926}.Ad-Hoc|iPhoneSimulator.ActiveCfg = Release|Any CPU
		{BC9BD274-18EF-495E-8AAF-AB4C37A43926}.Ad-Hoc|iPhoneSimulator.Build.0 = Release|Any CPU
		{BC9BD274-18EF-495E-8AAF-AB4C37A43926}.Ad-Hoc|iPhoneSimulator.Deploy.0 = Release|Any CPU
		{BC9BD274-18EF-495E-8AAF-AB4C37A43926}.Ad-Hoc|x64.ActiveCfg = Release|Any CPU
		{BC9BD274-18EF-495E-8AAF-AB4C37A43926}.Ad-Hoc|x64.Build.0 = Release|Any CPU
		{BC9BD274-18EF-495E-8AAF-AB4C37A43926}.Ad-Hoc|x64.Deploy.0 = Release|Any CPU
		{BC9BD274-18EF-495E-8AAF-AB4C37A43926}.Ad-Hoc|x86.ActiveCfg = Release|Any CPU
		{BC9BD274-18EF-495E-8AAF-AB4C37A43926}.Ad-Hoc|x86.Build.0 = Release|Any CPU
		{BC9BD274-18EF-495E-8AAF-AB4C37A43926}.Ad-Hoc|x86.Deploy.0 = Release|Any CPU
		{BC9BD274-18EF-495E-8AAF-AB4C37A43926}.AppStore|Any CPU.ActiveCfg = Release|Any CPU
		{BC9BD274-18EF-495E-8AAF-AB4C37A43926}.AppStore|Any CPU.Build.0 = Release|Any CPU
		{BC9BD274-18EF-495E-8AAF-AB4C37A43926}.AppStore|Any CPU.Deploy.0 = Release|Any CPU
		{BC9BD274-18EF-495E-8AAF-AB4C37A43926}.AppStore|ARM.ActiveCfg = Release|Any CPU
		{BC9BD274-18EF-495E-8AAF-AB4C37A43926}.AppStore|ARM.Build.0 = Release|Any CPU
		{BC9BD274-18EF-495E-8AAF-AB4C37A43926}.AppStore|ARM.Deploy.0 = Release|Any CPU
		{BC9BD274-18EF-495E-8AAF-AB4C37A43926}.AppStore|iPhone.ActiveCfg = Release|Any CPU
		{BC9BD274-18EF-495E-8AAF-AB4C37A43926}.AppStore|iPhone.Build.0 = Release|Any CPU
		{BC9BD274-18EF-495E-8AAF-AB4C37A43926}.AppStore|iPhone.Deploy.0 = Release|Any CPU
		{BC9BD274-18EF-495E-8AAF-AB4C37A43926}.AppStore|iPhoneSimulator.ActiveCfg = Release|Any CPU
		{BC9BD274-18EF-495E-8AAF-AB4C37A43926}.AppStore|iPhoneSimulator.Build.0 = Release|Any CPU
		{BC9BD274-18EF-495E-8AAF-AB4C37A43926}.AppStore|iPhoneSimulator.Deploy.0 = Release|Any CPU
		{BC9BD274-18EF-495E-8AAF-AB4C37A43926}.AppStore|x64.ActiveCfg = Release|Any CPU
		{BC9BD274-18EF-495E-8AAF-AB4C37A43926}.AppStore|x64.Build.0 = Release|Any CPU
		{BC9BD274-18EF-495E-8AAF-AB4C37A43926}.AppStore|x64.Deploy.0 = Release|Any CPU
		{BC9BD274-18EF-495E-8AAF-AB4C37A43926}.AppStore|x86.ActiveCfg = Release|Any CPU
		{BC9BD274-18EF-495E-8AAF-AB4C37A43926}.AppStore|x86.Build.0 = Release|Any CPU
		{BC9BD274-18EF-495E-8AAF-AB4C37A43926}.AppStore|x86.Deploy.0 = Release|Any CPU
		{BC9BD274-18EF-495E-8AAF-AB4C37A43926}.Debug|Any CPU.ActiveCfg = Debug|Any CPU
		{BC9BD274-18EF-495E-8AAF-AB4C37A43926}.Debug|Any CPU.Build.0 = Debug|Any CPU
		{BC9BD274-18EF-495E-8AAF-AB4C37A43926}.Debug|Any CPU.Deploy.0 = Debug|Any CPU
		{BC9BD274-18EF-495E-8AAF-AB4C37A43926}.Debug|ARM.ActiveCfg = Debug|Any CPU
		{BC9BD274-18EF-495E-8AAF-AB4C37A43926}.Debug|ARM.Build.0 = Debug|Any CPU
		{BC9BD274-18EF-495E-8AAF-AB4C37A43926}.Debug|ARM.Deploy.0 = Debug|Any CPU
		{BC9BD274-18EF-495E-8AAF-AB4C37A43926}.Debug|iPhone.ActiveCfg = Debug|Any CPU
		{BC9BD274-18EF-495E-8AAF-AB4C37A43926}.Debug|iPhone.Build.0 = Debug|Any CPU
		{BC9BD274-18EF-495E-8AAF-AB4C37A43926}.Debug|iPhone.Deploy.0 = Debug|Any CPU
		{BC9BD274-18EF-495E-8AAF-AB4C37A43926}.Debug|iPhoneSimulator.ActiveCfg = Debug|Any CPU
		{BC9BD274-18EF-495E-8AAF-AB4C37A43926}.Debug|iPhoneSimulator.Build.0 = Debug|Any CPU
		{BC9BD274-18EF-495E-8AAF-AB4C37A43926}.Debug|iPhoneSimulator.Deploy.0 = Debug|Any CPU
		{BC9BD274-18EF-495E-8AAF-AB4C37A43926}.Debug|x64.ActiveCfg = Debug|Any CPU
		{BC9BD274-18EF-495E-8AAF-AB4C37A43926}.Debug|x64.Build.0 = Debug|Any CPU
		{BC9BD274-18EF-495E-8AAF-AB4C37A43926}.Debug|x64.Deploy.0 = Debug|Any CPU
		{BC9BD274-18EF-495E-8AAF-AB4C37A43926}.Debug|x86.ActiveCfg = Debug|Any CPU
		{BC9BD274-18EF-495E-8AAF-AB4C37A43926}.Debug|x86.Build.0 = Debug|Any CPU
		{BC9BD274-18EF-495E-8AAF-AB4C37A43926}.Debug|x86.Deploy.0 = Debug|Any CPU
		{BC9BD274-18EF-495E-8AAF-AB4C37A43926}.Release|Any CPU.ActiveCfg = Release|Any CPU
		{BC9BD274-18EF-495E-8AAF-AB4C37A43926}.Release|Any CPU.Build.0 = Release|Any CPU
		{BC9BD274-18EF-495E-8AAF-AB4C37A43926}.Release|Any CPU.Deploy.0 = Release|Any CPU
		{BC9BD274-18EF-495E-8AAF-AB4C37A43926}.Release|ARM.ActiveCfg = Release|Any CPU
		{BC9BD274-18EF-495E-8AAF-AB4C37A43926}.Release|ARM.Build.0 = Release|Any CPU
		{BC9BD274-18EF-495E-8AAF-AB4C37A43926}.Release|ARM.Deploy.0 = Release|Any CPU
		{BC9BD274-18EF-495E-8AAF-AB4C37A43926}.Release|iPhone.ActiveCfg = Release|Any CPU
		{BC9BD274-18EF-495E-8AAF-AB4C37A43926}.Release|iPhone.Build.0 = Release|Any CPU
		{BC9BD274-18EF-495E-8AAF-AB4C37A43926}.Release|iPhone.Deploy.0 = Release|Any CPU
		{BC9BD274-18EF-495E-8AAF-AB4C37A43926}.Release|iPhoneSimulator.ActiveCfg = Release|Any CPU
		{BC9BD274-18EF-495E-8AAF-AB4C37A43926}.Release|iPhoneSimulator.Build.0 = Release|Any CPU
		{BC9BD274-18EF-495E-8AAF-AB4C37A43926}.Release|iPhoneSimulator.Deploy.0 = Release|Any CPU
		{BC9BD274-18EF-495E-8AAF-AB4C37A43926}.Release|x64.ActiveCfg = Release|Any CPU
		{BC9BD274-18EF-495E-8AAF-AB4C37A43926}.Release|x64.Build.0 = Release|Any CPU
		{BC9BD274-18EF-495E-8AAF-AB4C37A43926}.Release|x64.Deploy.0 = Release|Any CPU
		{BC9BD274-18EF-495E-8AAF-AB4C37A43926}.Release|x86.ActiveCfg = Release|Any CPU
		{BC9BD274-18EF-495E-8AAF-AB4C37A43926}.Release|x86.Build.0 = Release|Any CPU
		{BC9BD274-18EF-495E-8AAF-AB4C37A43926}.Release|x86.Deploy.0 = Release|Any CPU
		{291DDA20-E98F-46C4-A820-6CE3CCF2F3A7}.Ad-Hoc|Any CPU.ActiveCfg = Ad-Hoc|iPhone
		{291DDA20-E98F-46C4-A820-6CE3CCF2F3A7}.Ad-Hoc|ARM.ActiveCfg = Ad-Hoc|iPhone
		{291DDA20-E98F-46C4-A820-6CE3CCF2F3A7}.Ad-Hoc|iPhone.ActiveCfg = Ad-Hoc|iPhone
		{291DDA20-E98F-46C4-A820-6CE3CCF2F3A7}.Ad-Hoc|iPhone.Build.0 = Ad-Hoc|iPhone
		{291DDA20-E98F-46C4-A820-6CE3CCF2F3A7}.Ad-Hoc|iPhoneSimulator.ActiveCfg = Ad-Hoc|iPhoneSimulator
		{291DDA20-E98F-46C4-A820-6CE3CCF2F3A7}.Ad-Hoc|iPhoneSimulator.Build.0 = Ad-Hoc|iPhoneSimulator
		{291DDA20-E98F-46C4-A820-6CE3CCF2F3A7}.Ad-Hoc|x64.ActiveCfg = Ad-Hoc|iPhone
		{291DDA20-E98F-46C4-A820-6CE3CCF2F3A7}.Ad-Hoc|x86.ActiveCfg = Ad-Hoc|iPhone
		{291DDA20-E98F-46C4-A820-6CE3CCF2F3A7}.AppStore|Any CPU.ActiveCfg = AppStore|iPhone
		{291DDA20-E98F-46C4-A820-6CE3CCF2F3A7}.AppStore|ARM.ActiveCfg = AppStore|iPhone
		{291DDA20-E98F-46C4-A820-6CE3CCF2F3A7}.AppStore|iPhone.ActiveCfg = AppStore|iPhone
		{291DDA20-E98F-46C4-A820-6CE3CCF2F3A7}.AppStore|iPhone.Build.0 = AppStore|iPhone
		{291DDA20-E98F-46C4-A820-6CE3CCF2F3A7}.AppStore|iPhoneSimulator.ActiveCfg = AppStore|iPhoneSimulator
		{291DDA20-E98F-46C4-A820-6CE3CCF2F3A7}.AppStore|iPhoneSimulator.Build.0 = AppStore|iPhoneSimulator
		{291DDA20-E98F-46C4-A820-6CE3CCF2F3A7}.AppStore|x64.ActiveCfg = AppStore|iPhone
		{291DDA20-E98F-46C4-A820-6CE3CCF2F3A7}.AppStore|x86.ActiveCfg = AppStore|iPhone
		{291DDA20-E98F-46C4-A820-6CE3CCF2F3A7}.Debug|Any CPU.ActiveCfg = Debug|iPhone
		{291DDA20-E98F-46C4-A820-6CE3CCF2F3A7}.Debug|ARM.ActiveCfg = Debug|iPhone
		{291DDA20-E98F-46C4-A820-6CE3CCF2F3A7}.Debug|iPhone.ActiveCfg = Debug|iPhone
		{291DDA20-E98F-46C4-A820-6CE3CCF2F3A7}.Debug|iPhone.Build.0 = Debug|iPhone
		{291DDA20-E98F-46C4-A820-6CE3CCF2F3A7}.Debug|iPhoneSimulator.ActiveCfg = Debug|iPhoneSimulator
		{291DDA20-E98F-46C4-A820-6CE3CCF2F3A7}.Debug|iPhoneSimulator.Build.0 = Debug|iPhoneSimulator
		{291DDA20-E98F-46C4-A820-6CE3CCF2F3A7}.Debug|x64.ActiveCfg = Debug|iPhone
		{291DDA20-E98F-46C4-A820-6CE3CCF2F3A7}.Debug|x86.ActiveCfg = Debug|iPhone
		{291DDA20-E98F-46C4-A820-6CE3CCF2F3A7}.Release|Any CPU.ActiveCfg = Release|iPhone
		{291DDA20-E98F-46C4-A820-6CE3CCF2F3A7}.Release|ARM.ActiveCfg = Release|iPhone
		{291DDA20-E98F-46C4-A820-6CE3CCF2F3A7}.Release|iPhone.ActiveCfg = Release|iPhone
		{291DDA20-E98F-46C4-A820-6CE3CCF2F3A7}.Release|iPhone.Build.0 = Release|iPhone
		{291DDA20-E98F-46C4-A820-6CE3CCF2F3A7}.Release|iPhoneSimulator.ActiveCfg = Release|iPhoneSimulator
		{291DDA20-E98F-46C4-A820-6CE3CCF2F3A7}.Release|iPhoneSimulator.Build.0 = Release|iPhoneSimulator
		{291DDA20-E98F-46C4-A820-6CE3CCF2F3A7}.Release|x64.ActiveCfg = Release|iPhone
		{291DDA20-E98F-46C4-A820-6CE3CCF2F3A7}.Release|x86.ActiveCfg = Release|iPhone
		{A28CF24C-3BAA-4EE3-AA58-6C44D3C41A41}.Ad-Hoc|Any CPU.ActiveCfg = Release|x86
		{A28CF24C-3BAA-4EE3-AA58-6C44D3C41A41}.Ad-Hoc|Any CPU.Build.0 = Release|x86
		{A28CF24C-3BAA-4EE3-AA58-6C44D3C41A41}.Ad-Hoc|Any CPU.Deploy.0 = Release|x86
		{A28CF24C-3BAA-4EE3-AA58-6C44D3C41A41}.Ad-Hoc|ARM.ActiveCfg = Release|ARM
		{A28CF24C-3BAA-4EE3-AA58-6C44D3C41A41}.Ad-Hoc|ARM.Build.0 = Release|ARM
		{A28CF24C-3BAA-4EE3-AA58-6C44D3C41A41}.Ad-Hoc|ARM.Deploy.0 = Release|ARM
		{A28CF24C-3BAA-4EE3-AA58-6C44D3C41A41}.Ad-Hoc|iPhone.ActiveCfg = Release|x86
		{A28CF24C-3BAA-4EE3-AA58-6C44D3C41A41}.Ad-Hoc|iPhone.Build.0 = Release|x86
		{A28CF24C-3BAA-4EE3-AA58-6C44D3C41A41}.Ad-Hoc|iPhone.Deploy.0 = Release|x86
		{A28CF24C-3BAA-4EE3-AA58-6C44D3C41A41}.Ad-Hoc|iPhoneSimulator.ActiveCfg = Release|x86
		{A28CF24C-3BAA-4EE3-AA58-6C44D3C41A41}.Ad-Hoc|iPhoneSimulator.Build.0 = Release|x86
		{A28CF24C-3BAA-4EE3-AA58-6C44D3C41A41}.Ad-Hoc|iPhoneSimulator.Deploy.0 = Release|x86
		{A28CF24C-3BAA-4EE3-AA58-6C44D3C41A41}.Ad-Hoc|x64.ActiveCfg = Release|x64
		{A28CF24C-3BAA-4EE3-AA58-6C44D3C41A41}.Ad-Hoc|x64.Build.0 = Release|x64
		{A28CF24C-3BAA-4EE3-AA58-6C44D3C41A41}.Ad-Hoc|x64.Deploy.0 = Release|x64
		{A28CF24C-3BAA-4EE3-AA58-6C44D3C41A41}.Ad-Hoc|x86.ActiveCfg = Release|x86
		{A28CF24C-3BAA-4EE3-AA58-6C44D3C41A41}.Ad-Hoc|x86.Build.0 = Release|x86
		{A28CF24C-3BAA-4EE3-AA58-6C44D3C41A41}.Ad-Hoc|x86.Deploy.0 = Release|x86
		{A28CF24C-3BAA-4EE3-AA58-6C44D3C41A41}.AppStore|Any CPU.ActiveCfg = Release|x86
		{A28CF24C-3BAA-4EE3-AA58-6C44D3C41A41}.AppStore|Any CPU.Build.0 = Release|x86
		{A28CF24C-3BAA-4EE3-AA58-6C44D3C41A41}.AppStore|Any CPU.Deploy.0 = Release|x86
		{A28CF24C-3BAA-4EE3-AA58-6C44D3C41A41}.AppStore|ARM.ActiveCfg = Release|ARM
		{A28CF24C-3BAA-4EE3-AA58-6C44D3C41A41}.AppStore|ARM.Build.0 = Release|ARM
		{A28CF24C-3BAA-4EE3-AA58-6C44D3C41A41}.AppStore|ARM.Deploy.0 = Release|ARM
		{A28CF24C-3BAA-4EE3-AA58-6C44D3C41A41}.AppStore|iPhone.ActiveCfg = Release|x86
		{A28CF24C-3BAA-4EE3-AA58-6C44D3C41A41}.AppStore|iPhone.Build.0 = Release|x86
		{A28CF24C-3BAA-4EE3-AA58-6C44D3C41A41}.AppStore|iPhone.Deploy.0 = Release|x86
		{A28CF24C-3BAA-4EE3-AA58-6C44D3C41A41}.AppStore|iPhoneSimulator.ActiveCfg = Release|x86
		{A28CF24C-3BAA-4EE3-AA58-6C44D3C41A41}.AppStore|iPhoneSimulator.Build.0 = Release|x86
		{A28CF24C-3BAA-4EE3-AA58-6C44D3C41A41}.AppStore|iPhoneSimulator.Deploy.0 = Release|x86
		{A28CF24C-3BAA-4EE3-AA58-6C44D3C41A41}.AppStore|x64.ActiveCfg = Release|x64
		{A28CF24C-3BAA-4EE3-AA58-6C44D3C41A41}.AppStore|x64.Build.0 = Release|x64
		{A28CF24C-3BAA-4EE3-AA58-6C44D3C41A41}.AppStore|x64.Deploy.0 = Release|x64
		{A28CF24C-3BAA-4EE3-AA58-6C44D3C41A41}.AppStore|x86.ActiveCfg = Release|x86
		{A28CF24C-3BAA-4EE3-AA58-6C44D3C41A41}.AppStore|x86.Build.0 = Release|x86
		{A28CF24C-3BAA-4EE3-AA58-6C44D3C41A41}.AppStore|x86.Deploy.0 = Release|x86
		{A28CF24C-3BAA-4EE3-AA58-6C44D3C41A41}.Debug|Any CPU.ActiveCfg = Debug|x86
		{A28CF24C-3BAA-4EE3-AA58-6C44D3C41A41}.Debug|ARM.ActiveCfg = Debug|ARM
		{A28CF24C-3BAA-4EE3-AA58-6C44D3C41A41}.Debug|ARM.Build.0 = Debug|ARM
		{A28CF24C-3BAA-4EE3-AA58-6C44D3C41A41}.Debug|ARM.Deploy.0 = Debug|ARM
		{A28CF24C-3BAA-4EE3-AA58-6C44D3C41A41}.Debug|iPhone.ActiveCfg = Debug|x86
		{A28CF24C-3BAA-4EE3-AA58-6C44D3C41A41}.Debug|iPhoneSimulator.ActiveCfg = Debug|x86
		{A28CF24C-3BAA-4EE3-AA58-6C44D3C41A41}.Debug|x64.ActiveCfg = Debug|x64
		{A28CF24C-3BAA-4EE3-AA58-6C44D3C41A41}.Debug|x64.Build.0 = Debug|x64
		{A28CF24C-3BAA-4EE3-AA58-6C44D3C41A41}.Debug|x64.Deploy.0 = Debug|x64
		{A28CF24C-3BAA-4EE3-AA58-6C44D3C41A41}.Debug|x86.ActiveCfg = Debug|x86
		{A28CF24C-3BAA-4EE3-AA58-6C44D3C41A41}.Debug|x86.Build.0 = Debug|x86
		{A28CF24C-3BAA-4EE3-AA58-6C44D3C41A41}.Debug|x86.Deploy.0 = Debug|x86
		{A28CF24C-3BAA-4EE3-AA58-6C44D3C41A41}.Release|Any CPU.ActiveCfg = Release|x86
		{A28CF24C-3BAA-4EE3-AA58-6C44D3C41A41}.Release|ARM.ActiveCfg = Release|ARM
		{A28CF24C-3BAA-4EE3-AA58-6C44D3C41A41}.Release|ARM.Build.0 = Release|ARM
		{A28CF24C-3BAA-4EE3-AA58-6C44D3C41A41}.Release|ARM.Deploy.0 = Release|ARM
		{A28CF24C-3BAA-4EE3-AA58-6C44D3C41A41}.Release|iPhone.ActiveCfg = Release|x86
		{A28CF24C-3BAA-4EE3-AA58-6C44D3C41A41}.Release|iPhoneSimulator.ActiveCfg = Release|x86
		{A28CF24C-3BAA-4EE3-AA58-6C44D3C41A41}.Release|x64.ActiveCfg = Release|x64
		{A28CF24C-3BAA-4EE3-AA58-6C44D3C41A41}.Release|x64.Build.0 = Release|x64
		{A28CF24C-3BAA-4EE3-AA58-6C44D3C41A41}.Release|x64.Deploy.0 = Release|x64
		{A28CF24C-3BAA-4EE3-AA58-6C44D3C41A41}.Release|x86.ActiveCfg = Release|x86
		{A28CF24C-3BAA-4EE3-AA58-6C44D3C41A41}.Release|x86.Build.0 = Release|x86
		{A28CF24C-3BAA-4EE3-AA58-6C44D3C41A41}.Release|x86.Deploy.0 = Release|x86
	EndGlobalSection
	GlobalSection(SolutionProperties) = preSolution
		HideSolutionNode = FALSE
	EndGlobalSection
	GlobalSection(ExtensibilityGlobals) = postSolution
		SolutionGuid = {20A42D63-B63A-44B7-9CC4-E321E3081F5E}
	EndGlobalSection
EndGlobal
